
Microsoft Visual Studio Solution File, Format Version 12.00
# Visual Studio Version 16
VisualStudioVersion = 16.0.30611.23
MinimumVisualStudioVersion = 10.0.40219.1
Project("{FAE04EC0-301F-11D3-BF4B-00C04F79EFBC}") = "assignment 7.Android", "assignment 7\assignment 7.Android\assignment 7.Android.csproj", "{3BBE35E5-FAF0-4E49-A649-BA8922EAC5A4}"
EndProject
Project("{FAE04EC0-301F-11D3-BF4B-00C04F79EFBC}") = "assignment 7.iOS", "assignment 7\assignment 7.iOS\assignment 7.iOS.csproj", "{041C5DB7-59A9-446F-8A01-F9A2010B130B}"
EndProject
Project("{FAE04EC0-301F-11D3-BF4B-00C04F79EFBC}") = "assignment 7", "assignment 7\assignment 7\assignment 7.csproj", "{FE05FD84-814E-49C8-80D5-056418666281}"
EndProject
Global
	GlobalSection(SolutionConfigurationPlatforms) = preSolution
		Debug|Any CPU = Debug|Any CPU
		Debug|iPhone = Debug|iPhone
		Debug|iPhoneSimulator = Debug|iPhoneSimulator
		Release|Any CPU = Release|Any CPU
		Release|iPhone = Release|iPhone
		Release|iPhoneSimulator = Release|iPhoneSimulator
	EndGlobalSection
	GlobalSection(ProjectConfigurationPlatforms) = postSolution
		{3BBE35E5-FAF0-4E49-A649-BA8922EAC5A4}.Debug|Any CPU.ActiveCfg = Debug|Any CPU
		{3BBE35E5-FAF0-4E49-A649-BA8922EAC5A4}.Debug|Any CPU.Build.0 = Debug|Any CPU
		{3BBE35E5-FAF0-4E49-A649-BA8922EAC5A4}.Debug|Any CPU.Deploy.0 = Debug|Any CPU
		{3BBE35E5-FAF0-4E49-A649-BA8922EAC5A4}.Debug|iPhone.ActiveCfg = Debug|Any CPU
		{3BBE35E5-FAF0-4E49-A649-BA8922EAC5A4}.Debug|iPhone.Build.0 = Debug|Any CPU
		{3BBE35E5-FAF0-4E49-A649-BA8922EAC5A4}.Debug|iPhone.Deploy.0 = Debug|Any CPU
		{3BBE35E5-FAF0-4E49-A649-BA8922EAC5A4}.Debug|iPhoneSimulator.ActiveCfg = Debug|Any CPU
		{3BBE35E5-FAF0-4E49-A649-BA8922EAC5A4}.Debug|iPhoneSimulator.Build.0 = Debug|Any CPU
		{3BBE35E5-FAF0-4E49-A649-BA8922EAC5A4}.Debug|iPhoneSimulator.Deploy.0 = Debug|Any CPU
		{3BBE35E5-FAF0-4E49-A649-BA8922EAC5A4}.Release|Any CPU.ActiveCfg = Release|Any CPU
		{3BBE35E5-FAF0-4E49-A649-BA8922EAC5A4}.Release|Any CPU.Build.0 = Release|Any CPU
		{3BBE35E5-FAF0-4E49-A649-BA8922EAC5A4}.Release|Any CPU.Deploy.0 = Release|Any CPU
		{3BBE35E5-FAF0-4E49-A649-BA8922EAC5A4}.Release|iPhone.ActiveCfg = Release|Any CPU
		{3BBE35E5-FAF0-4E49-A649-BA8922EAC5A4}.Release|iPhone.Build.0 = Release|Any CPU
		{3BBE35E5-FAF0-4E49-A649-BA8922EAC5A4}.Release|iPhone.Deploy.0 = Release|Any CPU
		{3BBE35E5-FAF0-4E49-A649-BA8922EAC5A4}.Release|iPhoneSimulator.ActiveCfg = Release|Any CPU
		{3BBE35E5-FAF0-4E49-A649-BA8922EAC5A4}.Release|iPhoneSimulator.Build.0 = Release|Any CPU
		{3BBE35E5-FAF0-4E49-A649-BA8922EAC5A4}.Release|iPhoneSimulator.Deploy.0 = Release|Any CPU
		{041C5DB7-59A9-446F-8A01-F9A2010B130B}.Debug|Any CPU.ActiveCfg = Debug|iPhone
		{041C5DB7-59A9-446F-8A01-F9A2010B130B}.Debug|Any CPU.Build.0 = Debug|iPhone
		{041C5DB7-59A9-446F-8A01-F9A2010B130B}.Debug|Any CPU.Deploy.0 = Debug|iPhone
		{041C5DB7-59A9-446F-8A01-F9A2010B130B}.Debug|iPhone.ActiveCfg = Debug|iPhone
		{041C5DB7-59A9-446F-8A01-F9A2010B130B}.Debug|iPhone.Build.0 = Debug|iPhone
		{041C5DB7-59A9-446F-8A01-F9A2010B130B}.Debug|iPhone.Deploy.0 = Debug|iPhone
		{041C5DB7-59A9-446F-8A01-F9A2010B130B}.Debug|iPhoneSimulator.ActiveCfg = Debug|iPhoneSimulator
		{041C5DB7-59A9-446F-8A01-F9A2010B130B}.Debug|iPhoneSimulator.Build.0 = Debug|iPhoneSimulator
		{041C5DB7-59A9-446F-8A01-F9A2010B130B}.Debug|iPhoneSimulator.Deploy.0 = Debug|iPhoneSimulator
		{041C5DB7-59A9-446F-8A01-F9A2010B130B}.Release|Any CPU.ActiveCfg = Release|iPhoneSimulator
		{041C5DB7-59A9-446F-8A01-F9A2010B130B}.Release|Any CPU.Build.0 = Release|iPhoneSimulator
		{041C5DB7-59A9-446F-8A01-F9A2010B130B}.Release|Any CPU.Deploy.0 = Release|iPhoneSimulator
		{041C5DB7-59A9-446F-8A01-F9A2010B130B}.Release|iPhone.ActiveCfg = Release|iPhone
		{041C5DB7-59A9-446F-8A01-F9A2010B130B}.Release|iPhone.Build.0 = Release|iPhone
		{041C5DB7-59A9-446F-8A01-F9A2010B130B}.Release|iPhone.Deploy.0 = Release|iPhone
		{041C5DB7-59A9-446F-8A01-F9A2010B130B}.Release|iPhoneSimulator.ActiveCfg = Release|iPhoneSimulator
		{041C5DB7-59A9-446F-8A01-F9A2010B130B}.Release|iPhoneSimulator.Build.0 = Release|iPhoneSimulator
		{041C5DB7-59A9-446F-8A01-F9A2010B130B}.Release|iPhoneSimulator.Deploy.0 = Release|iPhoneSimulator
		{FE05FD84-814E-49C8-80D5-056418666281}.Debug|Any CPU.ActiveCfg = Debug|Any CPU
		{FE05FD84-814E-49C8-80D5-056418666281}.Debug|Any CPU.Build.0 = Debug|Any CPU
		{FE05FD84-814E-49C8-80D5-056418666281}.Debug|Any CPU.Deploy.0 = Debug|Any CPU
		{FE05FD84-814E-49C8-80D5-056418666281}.Debug|iPhone.ActiveCfg = Debug|Any CPU
		{FE05FD84-814E-49C8-80D5-056418666281}.Debug|iPhone.Build.0 = Debug|Any CPU
		{FE05FD84-814E-49C8-80D5-056418666281}.Debug|iPhone.Deploy.0 = Debug|Any CPU
		{FE05FD84-814E-49C8-80D5-056418666281}.Debug|iPhoneSimulator.ActiveCfg = Debug|Any CPU
		{FE05FD84-814E-49C8-80D5-056418666281}.Debug|iPhoneSimulator.Build.0 = Debug|Any CPU
		{FE05FD84-814E-49C8-80D5-056418666281}.Debug|iPhoneSimulator.Deploy.0 = Debug|Any CPU
		{FE05FD84-814E-49C8-80D5-056418666281}.Release|Any CPU.ActiveCfg = Release|Any CPU
		{FE05FD84-814E-49C8-80D5-056418666281}.Release|Any CPU.Build.0 = Release|Any CPU
		{FE05FD84-814E-49C8-80D5-056418666281}.Release|Any CPU.Deploy.0 = Release|Any CPU
		{FE05FD84-814E-49C8-80D5-056418666281}.Release|iPhone.ActiveCfg = Release|Any CPU
		{FE05FD84-814E-49C8-80D5-056418666281}.Release|iPhone.Build.0 = Release|Any CPU
		{FE05FD84-814E-49C8-80D5-056418666281}.Release|iPhone.Deploy.0 = Release|Any CPU
		{FE05FD84-814E-49C8-80D5-056418666281}.Release|iPhoneSimulator.ActiveCfg = Release|Any CPU
		{FE05FD84-814E-49C8-80D5-056418666281}.Release|iPhoneSimulator.Build.0 = Release|Any CPU
		{FE05FD84-814E-49C8-80D5-056418666281}.Release|iPhoneSimulator.Deploy.0 = Release|Any CPU
	EndGlobalSection
	GlobalSection(SolutionProperties) = preSolution
		HideSolutionNode = FALSE
	EndGlobalSection
	GlobalSection(ExtensibilityGlobals) = postSolution
		SolutionGuid = {5DA9F66D-322D-419F-8F91-397CF8EC2DAE}
	EndGlobalSection
EndGlobal
